
Microsoft Visual Studio Solution File, Format Version 12.00
# Visual Studio 15
VisualStudioVersion = 15.0.26430.16
MinimumVisualStudioVersion = 10.0.40219.1
Project("{FAE04EC0-301F-11D3-BF4B-00C04F79EFBC}") = "Innovator.Client.Net45", "Innovator.Client\Innovator.Client.Net45.csproj", "{A2127AA1-16B2-4FA3-A59E-C5F2F670259B}"
EndProject
Project("{FAE04EC0-301F-11D3-BF4B-00C04F79EFBC}") = "Innovator.ClientTests.NetFull", "Innovator.ClientTests\Innovator.ClientTests.NetFull.csproj", "{A0FEDAB9-13D3-4489-B17E-7156CA1BC5C2}"
EndProject
Global
	GlobalSection(SolutionConfigurationPlatforms) = preSolution
		Debug|Any CPU = Debug|Any CPU
		NET35|Any CPU = NET35|Any CPU
		NET45|Any CPU = NET45|Any CPU
		NET46|Any CPU = NET46|Any CPU
		Release|Any CPU = Release|Any CPU
	EndGlobalSection
	GlobalSection(ProjectConfigurationPlatforms) = postSolution
		{A2127AA1-16B2-4FA3-A59E-C5F2F670259B}.Debug|Any CPU.ActiveCfg = Debug|Any CPU
		{A2127AA1-16B2-4FA3-A59E-C5F2F670259B}.Debug|Any CPU.Build.0 = Debug|Any CPU
		{A2127AA1-16B2-4FA3-A59E-C5F2F670259B}.NET35|Any CPU.ActiveCfg = Release|Any CPU
		{A2127AA1-16B2-4FA3-A59E-C5F2F670259B}.NET35|Any CPU.Build.0 = Release|Any CPU
		{A2127AA1-16B2-4FA3-A59E-C5F2F670259B}.NET45|Any CPU.ActiveCfg = Release|Any CPU
		{A2127AA1-16B2-4FA3-A59E-C5F2F670259B}.NET45|Any CPU.Build.0 = Release|Any CPU
		{A2127AA1-16B2-4FA3-A59E-C5F2F670259B}.NET46|Any CPU.ActiveCfg = Release|Any CPU
		{A2127AA1-16B2-4FA3-A59E-C5F2F670259B}.NET46|Any CPU.Build.0 = Release|Any CPU
		{A2127AA1-16B2-4FA3-A59E-C5F2F670259B}.Release|Any CPU.ActiveCfg = Release|Any CPU
		{A2127AA1-16B2-4FA3-A59E-C5F2F670259B}.Release|Any CPU.Build.0 = Release|Any CPU
		{A0FEDAB9-13D3-4489-B17E-7156CA1BC5C2}.Debug|Any CPU.ActiveCfg = Debug|Any CPU
		{A0FEDAB9-13D3-4489-B17E-7156CA1BC5C2}.Debug|Any CPU.Build.0 = Debug|Any CPU
		{A0FEDAB9-13D3-4489-B17E-7156CA1BC5C2}.NET35|Any CPU.ActiveCfg = NET35|Any CPU
		{A0FEDAB9-13D3-4489-B17E-7156CA1BC5C2}.NET35|Any CPU.Build.0 = NET35|Any CPU
		{A0FEDAB9-13D3-4489-B17E-7156CA1BC5C2}.NET45|Any CPU.ActiveCfg = NET45|Any CPU
		{A0FEDAB9-13D3-4489-B17E-7156CA1BC5C2}.NET45|Any CPU.Build.0 = NET45|Any CPU
		{A0FEDAB9-13D3-4489-B17E-7156CA1BC5C2}.NET46|Any CPU.ActiveCfg = NET46|Any CPU
		{A0FEDAB9-13D3-4489-B17E-7156CA1BC5C2}.NET46|Any CPU.Build.0 = NET46|Any CPU
		{A0FEDAB9-13D3-4489-B17E-7156CA1BC5C2}.Release|Any CPU.ActiveCfg = NET46|Any CPU
		{A0FEDAB9-13D3-4489-B17E-7156CA1BC5C2}.Release|Any CPU.Build.0 = NET46|Any CPU
	EndGlobalSection
	GlobalSection(SolutionProperties) = preSolution
		HideSolutionNode = FALSE
	EndGlobalSection
	GlobalSection(ExtensibilityGlobals) = postSolution
		SolutionGuid = {5A551FE6-3F7E-4D99-A722-62F01239A73E}
	EndGlobalSection
EndGlobal
