
Microsoft Visual Studio Solution File, Format Version 12.00
# Visual Studio Version 17
VisualStudioVersion = 17.2.32630.192
MinimumVisualStudioVersion = 10.0.40219.1
Project("{9A19103F-16F7-4668-BE54-9A1E7A4F7556}") = "Innovator.Client", "Innovator.Client\Innovator.Client.csproj", "{CCB22C02-EE69-4AAE-84AF-048BA41EBA06}"
EndProject
Project("{9A19103F-16F7-4668-BE54-9A1E7A4F7556}") = "Innovator.ClientTests", "Innovator.ClientTests\Innovator.ClientTests.csproj", "{B682CE0E-5B78-455B-9F4A-2B554B433D0A}"
EndProject
Project("{FAE04EC0-301F-11D3-BF4B-00C04F79EFBC}") = "GenerateDocumentation", "GenerateDocumentation\GenerateDocumentation.csproj", "{D79F81D1-E79E-4ACA-AC98-413737C2A67C}"
EndProject
Global
	GlobalSection(SolutionConfigurationPlatforms) = preSolution
		Debug|Any CPU = Debug|Any CPU
		Release|Any CPU = Release|Any CPU
	EndGlobalSection
	GlobalSection(ProjectConfigurationPlatforms) = postSolution
		{CCB22C02-EE69-4AAE-84AF-048BA41EBA06}.Debug|Any CPU.ActiveCfg = Debug|Any CPU
		{CCB22C02-EE69-4AAE-84AF-048BA41EBA06}.Debug|Any CPU.Build.0 = Debug|Any CPU
		{CCB22C02-EE69-4AAE-84AF-048BA41EBA06}.Release|Any CPU.ActiveCfg = Release|Any CPU
		{CCB22C02-EE69-4AAE-84AF-048BA41EBA06}.Release|Any CPU.Build.0 = Release|Any CPU
		{B682CE0E-5B78-455B-9F4A-2B554B433D0A}.Debug|Any CPU.ActiveCfg = Debug|Any CPU
		{B682CE0E-5B78-455B-9F4A-2B554B433D0A}.Debug|Any CPU.Build.0 = Debug|Any CPU
		{B682CE0E-5B78-455B-9F4A-2B554B433D0A}.Release|Any CPU.ActiveCfg = Release|Any CPU
		{B682CE0E-5B78-455B-9F4A-2B554B433D0A}.Release|Any CPU.Build.0 = Release|Any CPU
		{D79F81D1-E79E-4ACA-AC98-413737C2A67C}.Debug|Any CPU.ActiveCfg = Debug|Any CPU
		{D79F81D1-E79E-4ACA-AC98-413737C2A67C}.Debug|Any CPU.Build.0 = Debug|Any CPU
		{D79F81D1-E79E-4ACA-AC98-413737C2A67C}.Release|Any CPU.ActiveCfg = Release|Any CPU
		{D79F81D1-E79E-4ACA-AC98-413737C2A67C}.Release|Any CPU.Build.0 = Release|Any CPU
	EndGlobalSection
	GlobalSection(SolutionProperties) = preSolution
		HideSolutionNode = FALSE
	EndGlobalSection
	GlobalSection(ExtensibilityGlobals) = postSolution
		SolutionGuid = {BF49D856-0CF5-4D74-9F0F-CFCDAD8E6B8F}
	EndGlobalSection
EndGlobal
